
Microsoft Visual Studio Solution File, Format Version 12.00
# Visual Studio 15
VisualStudioVersion = 15.0.26124.0
MinimumVisualStudioVersion = 15.0.26124.0
Project("{FAE04EC0-301F-11D3-BF4B-00C04F79EFBC}") = "MeeserSE.TplDf.PubSub", "MeeserSE.TplDf.PubSub\MeeserSE.TplDf.PubSub.csproj", "{BDAC75AD-40DF-41EA-96F2-8CFDDB6FA27C}"
EndProject
Project("{FAE04EC0-301F-11D3-BF4B-00C04F79EFBC}") = "MeeserSE.TplDf.PubSub.Websocket", "MeeserSE.TplDf.PubSub.Websocket\MeeserSE.TplDf.PubSub.Websocket.csproj", "{D69C34D9-330F-4428-8DD7-36F87104204E}"
EndProject
Project("{FAE04EC0-301F-11D3-BF4B-00C04F79EFBC}") = "MeeserSE.TplDf.Demo", "MeeserSE.TplDf.PubSub.Demo\MeeserSE.TplDf.Demo.csproj", "{C2FA854F-28DC-4A27-B185-0101D65A03A2}"
EndProject
Global
	GlobalSection(SolutionConfigurationPlatforms) = preSolution
		Debug|Any CPU = Debug|Any CPU
		Debug|x64 = Debug|x64
		Debug|x86 = Debug|x86
		Release|Any CPU = Release|Any CPU
		Release|x64 = Release|x64
		Release|x86 = Release|x86
	EndGlobalSection
	GlobalSection(SolutionProperties) = preSolution
		HideSolutionNode = FALSE
	EndGlobalSection
	GlobalSection(ProjectConfigurationPlatforms) = postSolution
		{BDAC75AD-40DF-41EA-96F2-8CFDDB6FA27C}.Debug|Any CPU.ActiveCfg = Debug|Any CPU
		{BDAC75AD-40DF-41EA-96F2-8CFDDB6FA27C}.Debug|Any CPU.Build.0 = Debug|Any CPU
		{BDAC75AD-40DF-41EA-96F2-8CFDDB6FA27C}.Debug|x64.ActiveCfg = Debug|Any CPU
		{BDAC75AD-40DF-41EA-96F2-8CFDDB6FA27C}.Debug|x64.Build.0 = Debug|Any CPU
		{BDAC75AD-40DF-41EA-96F2-8CFDDB6FA27C}.Debug|x86.ActiveCfg = Debug|Any CPU
		{BDAC75AD-40DF-41EA-96F2-8CFDDB6FA27C}.Debug|x86.Build.0 = Debug|Any CPU
		{BDAC75AD-40DF-41EA-96F2-8CFDDB6FA27C}.Release|Any CPU.ActiveCfg = Release|Any CPU
		{BDAC75AD-40DF-41EA-96F2-8CFDDB6FA27C}.Release|Any CPU.Build.0 = Release|Any CPU
		{BDAC75AD-40DF-41EA-96F2-8CFDDB6FA27C}.Release|x64.ActiveCfg = Release|Any CPU
		{BDAC75AD-40DF-41EA-96F2-8CFDDB6FA27C}.Release|x64.Build.0 = Release|Any CPU
		{BDAC75AD-40DF-41EA-96F2-8CFDDB6FA27C}.Release|x86.ActiveCfg = Release|Any CPU
		{BDAC75AD-40DF-41EA-96F2-8CFDDB6FA27C}.Release|x86.Build.0 = Release|Any CPU
		{D69C34D9-330F-4428-8DD7-36F87104204E}.Debug|Any CPU.ActiveCfg = Debug|Any CPU
		{D69C34D9-330F-4428-8DD7-36F87104204E}.Debug|Any CPU.Build.0 = Debug|Any CPU
		{D69C34D9-330F-4428-8DD7-36F87104204E}.Debug|x64.ActiveCfg = Debug|Any CPU
		{D69C34D9-330F-4428-8DD7-36F87104204E}.Debug|x64.Build.0 = Debug|Any CPU
		{D69C34D9-330F-4428-8DD7-36F87104204E}.Debug|x86.ActiveCfg = Debug|Any CPU
		{D69C34D9-330F-4428-8DD7-36F87104204E}.Debug|x86.Build.0 = Debug|Any CPU
		{D69C34D9-330F-4428-8DD7-36F87104204E}.Release|Any CPU.ActiveCfg = Release|Any CPU
		{D69C34D9-330F-4428-8DD7-36F87104204E}.Release|Any CPU.Build.0 = Release|Any CPU
		{D69C34D9-330F-4428-8DD7-36F87104204E}.Release|x64.ActiveCfg = Release|Any CPU
		{D69C34D9-330F-4428-8DD7-36F87104204E}.Release|x64.Build.0 = Release|Any CPU
		{D69C34D9-330F-4428-8DD7-36F87104204E}.Release|x86.ActiveCfg = Release|Any CPU
		{D69C34D9-330F-4428-8DD7-36F87104204E}.Release|x86.Build.0 = Release|Any CPU
		{C2FA854F-28DC-4A27-B185-0101D65A03A2}.Debug|Any CPU.ActiveCfg = Debug|Any CPU
		{C2FA854F-28DC-4A27-B185-0101D65A03A2}.Debug|Any CPU.Build.0 = Debug|Any CPU
		{C2FA854F-28DC-4A27-B185-0101D65A03A2}.Debug|x64.ActiveCfg = Debug|Any CPU
		{C2FA854F-28DC-4A27-B185-0101D65A03A2}.Debug|x64.Build.0 = Debug|Any CPU
		{C2FA854F-28DC-4A27-B185-0101D65A03A2}.Debug|x86.ActiveCfg = Debug|Any CPU
		{C2FA854F-28DC-4A27-B185-0101D65A03A2}.Debug|x86.Build.0 = Debug|Any CPU
		{C2FA854F-28DC-4A27-B185-0101D65A03A2}.Release|Any CPU.ActiveCfg = Release|Any CPU
		{C2FA854F-28DC-4A27-B185-0101D65A03A2}.Release|Any CPU.Build.0 = Release|Any CPU
		{C2FA854F-28DC-4A27-B185-0101D65A03A2}.Release|x64.ActiveCfg = Release|Any CPU
		{C2FA854F-28DC-4A27-B185-0101D65A03A2}.Release|x64.Build.0 = Release|Any CPU
		{C2FA854F-28DC-4A27-B185-0101D65A03A2}.Release|x86.ActiveCfg = Release|Any CPU
		{C2FA854F-28DC-4A27-B185-0101D65A03A2}.Release|x86.Build.0 = Release|Any CPU
	EndGlobalSection
EndGlobal
